version = 1
revision = 3
requires-python = ">=3.10"

[[package]]
name = "pycryptodomex"
version = "3.24.0"
source = { registry = "https://pypi.org/simple" }
sdist = { url = "https://files.pythonhosted.org/packages/4c/25/214ea825a9031f5af2c8b2506ee16701a2560d4712165dd00098dd527bcb/pycryptodomex-3.24.0.tar.gz", hash = "sha256:0428f19f13452c6b89bbaf2c530f84f369873811dfa77f0cee0da4f40fb0474f", size = 4933136, upload-time = "2026-10-04T17:41:08.988Z" }
wheels = [
    { url = "https://files.pythonhosted.org/packages/0f/52/5235086483b462600958549b27683ccffbb4941ba512934efc5a14b71a39/pycryptodomex-3.24.0-cp313-cp313t-macosx_10_13_universal2.whl", hash = "sha256:abf768c285d289c4a0e0678f055663162c9d6257c79f5904fbd2692ade94da1c", size = 2475900, upload-time = "2026-10-04T17:39:26.374Z" },
    { url = "https://files.pythonhosted.org/packages/9e/cd/eeed4b1a1eda71a78defe2c04ff37909461f9c04cd4bde23011d4350cbfb/pycryptodomex-3.24.0-cp313-cp313t-macosx_10_13_x86_64.whl", hash = "sha256:c2f42f24d7112ebb93d3aed581d011c82c20101da7d7a6248145c530e99bd2eb", size = 1643488, upload-time = "2026-10-04T17:39:28.545Z" },
    { url = "https://files.pythonhosted.org/packages/18/d2/22005d736858dddd3f7a5ddaf4a91dbb89292f0d9c503a9c13b1bb2ecfb8/pycryptodomex-3.24.0-cp313-cp313t-manylinux2014_aarch64.manylinux_2_17_aarch64.whl", hash = "sha256:e42a2e9531c40315290278d9eee93ea5031eda3c83969f5709ada51a1c7491b4", size = 2194768, upload-time = "2026-10-04T17:39:31.713Z" },
    { url = "https://files.pythonhosted.org/packages/19/c4/c350bb48207ae2a6cca02eb45a2dafc3f2d0196b5b33b556cc9b6815e8cc/pycryptodomex-3.24.0-cp313-cp313t-manylinux2014_x86_64.manylinux_2_17_x86_64.whl", hash = "sha256:c7055400f773856cd219680d15525c6fb147237534cbe5394a5f92f57f7efaed", size = 2280612, upload-time = "2026-10-04T17:39:34.828Z" },
    { url = "https://files.pythonhosted.org/packages/fe/56/539e213fbd572f8e95cdef5a46b0c327c7b2412107c3dba73913cfd20753/pycryptodomex-3.24.0-cp313-cp313t-musllinux_1_2_aarch64.whl", hash = "sha256:e8a7463d346015b42a0fb9c9179ebb7cccfd86bf40199c6796b546ac7be0b85c", size = 2186291, upload-time = "2026-10-04T17:39:38.184Z" },
    { url = "https://files.pythonhosted.org/packages/9b/f3/f8e73be610ef576c6ca98a78c8450a72f12c178bc89d3e94068e48115c97/pycryptodomex-3.24.0-cp313-cp313t-musllinux_1_2_x86_64.whl", hash = "sha256:f96e10f0edff9d4b6b253e0a78f7c819749521d3ffe6af0139e08fcd35384405", size = 2278371, upload-time = "2026-10-04T17:39:41.539Z" },
    { url = "https://files.pythonhosted.org/packages/16/bd/99c89964c5017488992f412f8d645923d8ef996c7f35fc76b7fe019620e1/pycryptodomex-3.24.0-cp313-cp313t-win32.whl", hash = "sha256:3b6276fe007464502df796710fb57dcfeb813b6ccac0eabaf85100be1ad358f2", size = 1792741, upload-time = "2026-10-04T17:39:44.173Z" },
    { url = "https://files.pythonhosted.org/packages/ca/d5/5a1e469c7eab20c21090d396342894d2f0e25d429eb4df2d9174a03cb226/pycryptodomex-3.24.0-cp313-cp313t-win_amd64.whl", hash = "sha256:88d37b28b450c06a03bd5570467c601fe8c7dbe493ca39771716f56fdbe35d6e", size = 1825623, upload-time = "2026-10-04T17:39:46.422Z" },
    { url = "https://files.pythonhosted.org/packages/1b/fb/1ca14c7e5318125aff23cd19886a62c8eb9015caa373b5834216c60260a5/pycryptodomex-3.24.0-cp313-cp313t-win_arm64.whl", hash = "sha256:e635c7ac056f2a47d79e2bf7042fb3fc6d175f47796a954388a3cec1f2e082a4", size = 1759392, upload-time = "2026-10-04T17:39:48.676Z" },
    { url = "https://files.pythonhosted.org/packages/a0/dd/8f2d18986f752ceb245d4c3aeb0b13e9ed329d64434969981f0746b5b2ff/pycryptodomex-3.24.0-cp314-cp314t-macosx_10_15_universal2.whl", hash = "sha256:f6af77f15a91bb6c16607067cfd201330cf5dfefe1c715e955be1fb06d368613", size = 2476818, upload-time = "2026-10-04T17:39:51.311Z" },
    { url = "https://files.pythonhosted.org/packages/8a/64/6bc2394a249d1c7ba330d192e4bf22d7e5a8caf28ef1dd346b8b847b91b3/pycryptodomex-3.24.0-cp314-cp314t-macosx_10_15_x86_64.whl", hash = "sha256:582efdf767d72c12538949b876a64b9a7af30f2cff063c06dd63ece32c4e5c1d", size = 1645659, upload-time = "2026-10-04T17:39:53.936Z" },
    { url = "https://files.pythonhosted.org/packages/46/36/f720afe32331ebf200bc37d335120f74da371969722d3c188fac757a8a71/pycryptodomex-3.24.0-cp314-cp314t-manylinux2014_aarch64.manylinux_2_17_aarch64.whl", hash = "sha256:5be79564e05ed620a63f353ea50e0d474eb598f70cda1b28c2ca8e9e2f02c139", size = 2194769, upload-time = "2026-10-04T17:39:57.357Z" },
    { url = "https://files.pythonhosted.org/packages/05/ac/d0c3b629a9e91c9dee019fa59cdf9617b84b0d11909541e1d6c79b24637c/pycryptodomex-3.24.0-cp314-cp314t-manylinux2014_x86_64.manylinux_2_17_x86_64.whl", hash = "sha256:bb393480b5845ef4acbc9f713e4c473ad08be81bc3cdb5ef017cd02bdafd36e1", size = 2280609, upload-time = "2026-10-04T17:39:59.915Z" },
    { url = "https://files.pythonhosted.org/packages/5f/0e/e64276b7f3dbe9aeabd9c80dfff10bc97740ad8e24892eb6b0e3cbdcd549/pycryptodomex-3.24.0-cp314-cp314t-musllinux_1_2_aarch64.whl", hash = "sha256:c7b8ad51baf3505dd3d94ec974855359d15769e45c58c2b89c6d4612b1f7ed94", size = 2186290, upload-time = "2026-10-04T17:40:02.856Z" },
    { url = "https://files.pythonhosted.org/packages/42/2f/b72cc71bff456971e24e886f1824d2efef7b25fbd806eb821b107f8253e6/pycryptodomex-3.24.0-cp314-cp314t-musllinux_1_2_x86_64.whl", hash = "sha256:7ffcedf4210d8c206fe9852ccde9f78ec9ce35e8039f0a989900ffe710e7a5db", size = 2278371, upload-time = "2026-10-04T17:40:06.135Z" },
    { url = "https://files.pythonhosted.org/packages/70/b0/9d0f0d4d6236f986c942d2933d4a5cbc209ebac1ea7d4c74b6e306efb439/pycryptodomex-3.24.0-cp314-cp314t-win32.whl", hash = "sha256:8d6c5e01e4fb1ddd20cc24d4d8706643dd78b5279453dabcf10ba4e0683bf9b2", size = 1808717, upload-time = "2026-10-04T17:40:09.172Z" },
    { url = "https://files.pythonhosted.org/packages/8f/99/55c75d5c8c0e3c966c6f639e3b2556c54b0172501f7377cff2aa570447c7/pycryptodomex-3.24.0-cp314-cp314t-win_amd64.whl", hash = "sha256:c55e6c42f9eb43d90c15792bf69bc09cb3e13a5e55a30eecb555695a02b0d4c0", size = 1842528, upload-time = "2026-10-04T17:40:12.033Z" },
    { url = "https://files.pythonhosted.org/packages/18/3d/2cdbda0eacc9875c5db5cede94389f8ca4a6a4bccbbbc74f47f8fa4f0c6c/pycryptodomex-3.24.0-cp314-cp314t-win_arm64.whl", hash = "sha256:6a62122fb4c85befcc01ec3a1ae5b2ba81689481aba1d383b4e21e34f18900dd", size = 1777885, upload-time = "2026-10-04T17:40:14.361Z" },
    { url = "https://files.pythonhosted.org/packages/bc/fd/b9186cea5e823f91f40904373cff30cdaea5dfe1863b4be0ed3bf51e4db6/pycryptodomex-3.24.0-cp37-abi3-macosx_10_9_universal2.whl", hash = "sha256:ef2bd306328a8447d4d2af6037efddd67ef16630876ed3ec84babd16ca558941", size = 2476748, upload-time = "2026-10-04T17:40:17.326Z" },
    { url = "https://files.pythonhosted.org/packages/65/c4/bf354a7c435da08ba9905a302dce8fac57a33b2ab1e51c78542b698b4b89/pycryptodomex-3.24.0-cp37-abi3-macosx_10_9_x86_64.whl", hash = "sha256:42c8221e3a4ca04b070cb388fca004815f6544951bfb2cc6c7958e293b7caf64", size = 1644339, upload-time = "2026-10-04T17:40:19.872Z" },
    { url = "https://files.pythonhosted.org/packages/7b/ea/158d0ea838c92ba5d5081ce0f08e4af40d7278f7609ca007fca4d010aa4d/pycryptodomex-3.24.0-cp37-abi3-manylinux2014_aarch64.manylinux_2_17_aarch64.whl", hash = "sha256:da9996407d03684221a4e1603b70fad97d8772185e5f75addcd97fcbc4c3281f", size = 2193232, upload-time = "2026-10-04T17:40:22.957Z" },
    { url = "https://files.pythonhosted.org/packages/c8/9f/376b705a536c65fe41806babe5cdcfb076273a0d72dfbbb92073d3d9b10c/pycryptodomex-3.24.0-cp37-abi3-manylinux2014_x86_64.manylinux_2_17_x86_64.whl", hash = "sha256:556e063b52f338bd924fe5c40692cc1f50cb0453bd1d6580b7ffff2eade1a894", size = 2279395, upload-time = "2026-10-04T17:40:25.777Z" },
    { url = "https://files.pythonhosted.org/packages/d4/72/a0726c7165ba84d66923c3e5d5411c5abec9a9a4c1759a664e5cf8806a79/pycryptodomex-3.24.0-cp37-abi3-musllinux_1_2_aarch64.whl", hash = "sha256:b6690bfae043c81108e28e31dc7e3afa8cb1b1eb0ba590fdbff2b66e4c6913e7", size = 2184779, upload-time = "2026-10-04T17:40:28.813Z" },
    { url = "https://files.pythonhosted.org/packages/39/51/c5b9d8fc84d5cf67091a007b476e24f634252fb314472e27a58f3bd97458/pycryptodomex-3.24.0-cp37-abi3-musllinux_1_2_x86_64.whl", hash = "sha256:5fa46af1281be707e0ec5878aea0f77d58d8d4b465f63f7385a71ae0080bfff9", size = 2276914, upload-time = "2026-10-04T17:40:31.23Z" },
    { url = "https://files.pythonhosted.org/packages/c4/28/26f6d1b4257911bdab1c66c2a80e1193131bd8c02fa9ac04453cd45233c1/pycryptodomex-3.24.0-cp37-abi3-win32.whl", hash = "sha256:fab40542a863cc142a763aa92630d613925fe3e937bea3ba5fb735e0c42d4f96", size = 1792631, upload-time = "2026-10-04T17:40:33.61Z" },
    { url = "https://files.pythonhosted.org/packages/4d/91/fa406bbeea093b53d314dfb0fd186658a69a398b73a3a609636b8402b5c3/pycryptodomex-3.24.0-cp37-abi3-win_amd64.whl", hash = "sha256:55f22d72250d7923aac3c2442ec6a1dd8774d2efa3bdcb0f68d5e137d372268e", size = 1825514, upload-time = "2026-10-04T17:40:36.059Z" },
    { url = "https://files.pythonhosted.org/packages/10/b0/c53c7ac97c5deb721aa4f940309802c71ff5ac2fdeac473ce96754c69e5b/pycryptodomex-3.24.0-cp37-abi3-win_arm64.whl", hash = "sha256:908f92fbc307b642b65580d0295698f423b057018d87ae43d441f1d1a00674a2", size = 1759397, upload-time = "2026-10-04T17:40:38.641Z" },
    { url = "https://files.pythonhosted.org/packages/34/89/25d4a6bc34232fbad527cb12087fb815dcdc73ca52c9be2400e8e15bd901/pycryptodomex-3.24.0-pp310-pypy310_pp73-macosx_10_15_x86_64.whl", hash = "sha256:dc685ab0b420597fe9a3187555c14d5b4d87c1518a99646397018457dc2a70c8", size = 1626108, upload-time = "2026-10-04T17:40:46.494Z" },
    { url = "https://files.pythonhosted.org/packages/8c/eb/3e30afe2d901f051b4707df49a683cfc59e30e67f305f1a04229753fc1e7/pycryptodomex-3.24.0-pp310-pypy310_pp73-manylinux2014_aarch64.manylinux_2_17_aarch64.whl", hash = "sha256:8a2a634c86c0a59b28b0d51bbf7e5d1feed00dc7ebdc789fe968f771f1430b47", size = 1681589, upload-time = "2026-10-04T17:40:48.924Z" },
    { url = "https://files.pythonhosted.org/packages/b7/a0/b90e48939986cd82d21373bd7a7a117fdfd42976cd9c3cc94ee07635d0d4/pycryptodomex-3.24.0-pp310-pypy310_pp73-manylinux2014_x86_64.manylinux_2_17_x86_64.whl", hash = "sha256:72742921e388856044163e711643244b6d5c7062846dc0676b1f9f0743846ab3", size = 1673861, upload-time = "2026-10-04T17:40:51.893Z" },
    { url = "https://files.pythonhosted.org/packages/3e/6c/e2daeff0dd546d3e3dae989e4c4bb06676bfc88793b25da700f73196f3b9/pycryptodomex-3.24.0-pp310-pypy310_pp73-win_amd64.whl", hash = "sha256:793b9f5ba7e9147a6a6d8e284854e3711e12f43d4ef57a26b3415b2455a9801a", size = 1828453, upload-time = "2026-10-04T17:40:54.527Z" },
    { url = "https://files.pythonhosted.org/packages/e0/71/045345b36bb911e33f02df3daef291d31c5ef2f8d5908cf31b5c45160e67/pycryptodomex-3.24.0-pp311-pypy311_pp73-macosx_10_15_x86_64.whl", hash = "sha256:408fb76e0af11937381532c992d9f7c0dcf987878cbe61d772b0e788343e81c5", size = 1622317, upload-time = "2026-10-04T17:40:57.608Z" },
    { url = "https://files.pythonhosted.org/packages/10/e2/cbb455c4bb3ce12bd6ae3b0922063cf660deef9fd035e13c6ca06aa8d9dc/pycryptodomex-3.24.0-pp311-pypy311_pp73-manylinux2014_aarch64.manylinux_2_17_aarch64.whl", hash = "sha256:b4f7f9c737ca1af9a79962d3289eaa6521869915ee9fbb9168e578277126691b", size = 1681589, upload-time = "2026-10-04T17:40:59.835Z" },
    { url = "https://files.pythonhosted.org/packages/ca/c1/5d263c7a9c932eef1a90e82e5082e9ab42cc98403cbd315ab1ae130879ef/pycryptodomex-3.24.0-pp311-pypy311_pp73-manylinux2014_x86_64.manylinux_2_17_x86_64.whl", hash = "sha256:96b60c0f36ab7c11a826c116633b08afeac58b9b9c066a5ad7cd373ed996363c", size = 1673862, upload-time = "2026-10-04T17:41:02.698Z" },
    { url = "https://files.pythonhosted.org/packages/db/43/6450dd0a705c4dc7915d60bb5e5e06c380c4707a843119aeccf4098ce848/pycryptodomex-3.24.0-pp311-pypy311_pp73-win_amd64.whl", hash = "sha256:ff8c1a125b2a7a2933219e9e523aabca31c920839c3c10968b56ec9a76c81d1e", size = 1828455, upload-time = "2026-10-04T17:41:05.165Z" },
]

[[package]]
name = "pyzipper"
version = "0.4.0"
source = { registry = "https://pypi.org/simple" }
dependencies = [
    { name = "pycryptodomex" },
]
sdist = { url = "https://files.pythonhosted.org/packages/8b/5a/548039b202f85fcdfbadaddde2f4182c6dbf7730bbe005b24f903ae886ee/pyzipper-0.4.0.tar.gz", hash = "sha256:a4b96afcac04c5589d5abdc6158dd362166374e3cc6810aa441e65f8a17cb9e3", size = 36780, upload-time = "2026-05-14T04:06:28.903Z" }
wheels = [
    { url = "https://files.pythonhosted.org/packages/1e/9a/db7b20df854ea3a7f25ee9d7bc31ff3ecce085843bcf4c06bd9c1dcc34e0/pyzipper-0.4.0-py3-none-any.whl", hash = "sha256:aa7b8a0fe741d67aac36ead85f6e735af107b72f84e0775f2ed565fc0d3a2f02", size = 36643, upload-time = "2026-05-14T04:06:27.332Z" },
]

[[package]]
name = "share-claude"
version = "0.1.0"
source = { editable = "." }
dependencies = [
    { name = "pyzipper" },
]

[package.metadata]
requires-dist = [{ name = "pyzipper", specifier = ">=0.3.6,<1" }]
